// !$*UTF8*$!
{
	archiveVersion = 1;
	classes = {
	};
	objectVersion = 55;
	objects = {

/* Begin PBXBuildFile section */
		CEB5CB6A28FB549600FEF67E /* AppDelegate.swift in Sources */ = {isa = PBXBuildFile; fileRef = CEB5CB6928FB549600FEF67E /* AppDelegate.swift */; };
		CEB5CB6C28FB549600FEF67E /* SceneDelegate.swift in Sources */ = {isa = PBXBuildFile; fileRef = CEB5CB6B28FB549600FEF67E /* SceneDelegate.swift */; };
		CEB5CB6E28FB549600FEF67E /* ViewController.swift in Sources */ = {isa = PBXBuildFile; fileRef = CEB5CB6D28FB549600FEF67E /* ViewController.swift */; };
		CEB5CB7128FB549600FEF67E /* Main.storyboard in Resources */ = {isa = PBXBuildFile; fileRef = CEB5CB6F28FB549600FEF67E /* Main.storyboard */; };
		CEB5CB7328FB549900FEF67E /* Assets.xcassets in Resources */ = {isa = PBXBuildFile; fileRef = CEB5CB7228FB549900FEF67E /* Assets.xcassets */; };
		CEB5CB7628FB549900FEF67E /* LaunchScreen.storyboard in Resources */ = {isa = PBXBuildFile; fileRef = CEB5CB7428FB549900FEF67E /* LaunchScreen.storyboard */; };
		CEB5CB8128FB549A00FEF67E /* BrowserkitTests.swift in Sources */ = {isa = PBXBuildFile; fileRef = CEB5CB8028FB549A00FEF67E /* BrowserkitTests.swift */; };
		CEB5CB8B28FB549A00FEF67E /* BrowserkitUITests.swift in Sources */ = {isa = PBXBuildFile; fileRef = CEB5CB8A28FB549A00FEF67E /* BrowserkitUITests.swift */; };
		CEB5CB8D28FB549A00FEF67E /* BrowserkitUITestsLaunchTests.swift in Sources */ = {isa = PBXBuildFile; fileRef = CEB5CB8C28FB549A00FEF67E /* BrowserkitUITestsLaunchTests.swift */; };
/* End PBXBuildFile section */

/* Begin PBXContainerItemProxy section */
		CEB5CB7D28FB549A00FEF67E /* PBXContainerItemProxy */ = {
			isa = PBXContainerItemProxy;
			containerPortal = CEB5CB5E28FB549600FEF67E /* Project object */;
			proxyType = 1;
			remoteGlobalIDString = CEB5CB6528FB549600FEF67E;
			remoteInfo = Browserkit;
		};
		CEB5CB8728FB549A00FEF67E /* PBXContainerItemProxy */ = {
			isa = PBXContainerItemProxy;
			containerPortal = CEB5CB5E28FB549600FEF67E /* Project object */;
			proxyType = 1;
			remoteGlobalIDString = CEB5CB6528FB549600FEF67E;
			remoteInfo = Browserkit;
		};
/* End PBXContainerItemProxy section */

/* Begin PBXFileReference section */
		CEB5CB6628FB549600FEF67E /* Browserkit.app */ = {isa = PBXFileReference; explicitFileType = wrapper.application; includeInIndex = 0; path = Browserkit.app; sourceTree = BUILT_PRODUCTS_DIR; };
		CEB5CB6928FB549600FEF67E /* AppDelegate.swift */ = {isa = PBXFileReference; lastKnownFileType = sourcecode.swift; path = AppDelegate.swift; sourceTree = "<group>"; };
		CEB5CB6B28FB549600FEF67E /* SceneDelegate.swift */ = {isa = PBXFileReference; lastKnownFileType = sourcecode.swift; path = SceneDelegate.swift; sourceTree = "<group>"; };
		CEB5CB6D28FB549600FEF67E /* ViewController.swift */ = {isa = PBXFileReference; lastKnownFileType = sourcecode.swift; path = ViewController.swift; sourceTree = "<group>"; };
		CEB5CB7028FB549600FEF67E /* Base */ = {isa = PBXFileReference; lastKnownFileType = file.storyboard; name = Base; path = Base.lproj/Main.storyboard; sourceTree = "<group>"; };
		CEB5CB7228FB549900FEF67E /* Assets.xcassets */ = {isa = PBXFileReference; lastKnownFileType = folder.assetcatalog; path = Assets.xcassets; sourceTree = "<group>"; };
		CEB5CB7528FB549900FEF67E /* Base */ = {isa = PBXFileReference; lastKnownFileType = file.storyboard; name = Base; path = Base.lproj/LaunchScreen.storyboard; sourceTree = "<group>"; };
		CEB5CB7728FB549900FEF67E /* Info.plist */ = {isa = PBXFileReference; lastKnownFileType = text.plist.xml; path = Info.plist; sourceTree = "<group>"; };
		CEB5CB7C28FB549A00FEF67E /* BrowserkitTests.xctest */ = {isa = PBXFileReference; explicitFileType = wrapper.cfbundle; includeInIndex = 0; path = BrowserkitTests.xctest; sourceTree = BUILT_PRODUCTS_DIR; };
		CEB5CB8028FB549A00FEF67E /* BrowserkitTests.swift */ = {isa = PBXFileReference; lastKnownFileType = sourcecode.swift; path = BrowserkitTests.swift; sourceTree = "<group>"; };
		CEB5CB8628FB549A00FEF67E /* BrowserkitUITests.xctest */ = {isa = PBXFileReference; explicitFileType = wrapper.cfbundle; includeInIndex = 0; path = BrowserkitUITests.xctest; sourceTree = BUILT_PRODUCTS_DIR; };
		CEB5CB8A28FB549A00FEF67E /* BrowserkitUITests.swift */ = {isa = PBXFileReference; lastKnownFileType = sourcecode.swift; path = BrowserkitUITests.swift; sourceTree = "<group>"; };
		CEB5CB8C28FB549A00FEF67E /* BrowserkitUITestsLaunchTests.swift */ = {isa = PBXFileReference; lastKnownFileType = sourcecode.swift; path = BrowserkitUITestsLaunchTests.swift; sourceTree = "<group>"; };
/* End PBXFileReference section */

/* Begin PBXFrameworksBuildPhase section */
		CEB5CB6328FB549600FEF67E /* Frameworks */ = {
			isa = PBXFrameworksBuildPhase;
			buildActionMask = 2147483647;
			files = (
			);
			runOnlyForDeploymentPostprocessing = 0;
		};
		CEB5CB7928FB549A00FEF67E /* Frameworks */ = {
			isa = PBXFrameworksBuildPhase;
			buildActionMask = 2147483647;
			files = (
			);
			runOnlyForDeploymentPostprocessing = 0;
		};
		CEB5CB8328FB549A00FEF67E /* Frameworks */ = {
			isa = PBXFrameworksBuildPhase;
			buildActionMask = 2147483647;
			files = (
			);
			runOnlyForDeploymentPostprocessing = 0;
		};
/* End PBXFrameworksBuildPhase section */

/* Begin PBXGroup section */
		CEB5CB5D28FB549600FEF67E = {
			isa = PBXGroup;
			children = (
				CEB5CB6828FB549600FEF67E /* Browserkit */,
				CEB5CB7F28FB549A00FEF67E /* BrowserkitTests */,
				CEB5CB8928FB549A00FEF67E /* BrowserkitUITests */,
				CEB5CB6728FB549600FEF67E /* Products */,
			);
			sourceTree = "<group>";
		};
		CEB5CB6728FB549600FEF67E /* Products */ = {
			isa = PBXGroup;
			children = (
				CEB5CB6628FB549600FEF67E /* Browserkit.app */,
				CEB5CB7C28FB549A00FEF67E /* BrowserkitTests.xctest */,
				CEB5CB8628FB549A00FEF67E /* BrowserkitUITests.xctest */,
			);
			name = Products;
			sourceTree = "<group>";
		};
		CEB5CB6828FB549600FEF67E /* Browserkit */ = {
			isa = PBXGroup;
			children = (
				CEB5CB6928FB549600FEF67E /* AppDelegate.swift */,
				CEB5CB6B28FB549600FEF67E /* SceneDelegate.swift */,
				CEB5CB6D28FB549600FEF67E /* ViewController.swift */,
				CEB5CB6F28FB549600FEF67E /* Main.storyboard */,
				CEB5CB7228FB549900FEF67E /* Assets.xcassets */,
				CEB5CB7428FB549900FEF67E /* LaunchScreen.storyboard */,
				CEB5CB7728FB549900FEF67E /* Info.plist */,
			);
			path = Browserkit;
			sourceTree = "<group>";
		};
		CEB5CB7F28FB549A00FEF67E /* BrowserkitTests */ = {
			isa = PBXGroup;
			children = (
				CEB5CB8028FB549A00FEF67E /* BrowserkitTests.swift */,
			);
			path = BrowserkitTests;
			sourceTree = "<group>";
		};
		CEB5CB8928FB549A00FEF67E /* BrowserkitUITests */ = {
			isa = PBXGroup;
			children = (
				CEB5CB8A28FB549A00FEF67E /* BrowserkitUITests.swift */,
				CEB5CB8C28FB549A00FEF67E /* BrowserkitUITestsLaunchTests.swift */,
			);
			path = BrowserkitUITests;
			sourceTree = "<group>";
		};
/* End PBXGroup section */

/* Begin PBXNativeTarget section */
		CEB5CB6528FB549600FEF67E /* Browserkit */ = {
			isa = PBXNativeTarget;
			buildConfigurationList = CEB5CB9028FB549A00FEF67E /* Build configuration list for PBXNativeTarget "Browserkit" */;
			buildPhases = (
				CEB5CB6228FB549600FEF67E /* Sources */,
				CEB5CB6328FB549600FEF67E /* Frameworks */,
				CEB5CB6428FB549600FEF67E /* Resources */,
			);
			buildRules = (
			);
			dependencies = (
			);
			name = Browserkit;
			productName = Browserkit;
			productReference = CEB5CB6628FB549600FEF67E /* Browserkit.app */;
			productType = "com.apple.product-type.application";
		};
		CEB5CB7B28FB549A00FEF67E /* BrowserkitTests */ = {
			isa = PBXNativeTarget;
			buildConfigurationList = CEB5CB9328FB549A00FEF67E /* Build configuration list for PBXNativeTarget "BrowserkitTests" */;
			buildPhases = (
				CEB5CB7828FB549A00FEF67E /* Sources */,
				CEB5CB7928FB549A00FEF67E /* Frameworks */,
				CEB5CB7A28FB549A00FEF67E /* Resources */,
			);
			buildRules = (
			);
			dependencies = (
				CEB5CB7E28FB549A00FEF67E /* PBXTargetDependency */,
			);
			name = BrowserkitTests;
			productName = BrowserkitTests;
			productReference = CEB5CB7C28FB549A00FEF67E /* BrowserkitTests.xctest */;
			productType = "com.apple.product-type.bundle.unit-test";
		};
		CEB5CB8528FB549A00FEF67E /* BrowserkitUITests */ = {
			isa = PBXNativeTarget;
			buildConfigurationList = CEB5CB9628FB549A00FEF67E /* Build configuration list for PBXNativeTarget "BrowserkitUITests" */;
			buildPhases = (
				CEB5CB8228FB549A00FEF67E /* Sources */,
				CEB5CB8328FB549A00FEF67E /* Frameworks */,
				CEB5CB8428FB549A00FEF67E /* Resources */,
			);
			buildRules = (
			);
			dependencies = (
				CEB5CB8828FB549A00FEF67E /* PBXTargetDependency */,
			);
			name = BrowserkitUITests;
			productName = BrowserkitUITests;
			productReference = CEB5CB8628FB549A00FEF67E /* BrowserkitUITests.xctest */;
			productType = "com.apple.product-type.bundle.ui-testing";
		};
/* End PBXNativeTarget section */

/* Begin PBXProject section */
		CEB5CB5E28FB549600FEF67E /* Project object */ = {
			isa = PBXProject;
			attributes = {
				BuildIndependentTargetsInParallel = 1;
				LastSwiftUpdateCheck = 1320;
				LastUpgradeCheck = 1320;
				TargetAttributes = {
					CEB5CB6528FB549600FEF67E = {
						CreatedOnToolsVersion = 13.2.1;
					};
					CEB5CB7B28FB549A00FEF67E = {
						CreatedOnToolsVersion = 13.2.1;
						TestTargetID = CEB5CB6528FB549600FEF67E;
					};
					CEB5CB8528FB549A00FEF67E = {
						CreatedOnToolsVersion = 13.2.1;
						TestTargetID = CEB5CB6528FB549600FEF67E;
					};
				};
			};
			buildConfigurationList = CEB5CB6128FB549600FEF67E /* Build configuration list for PBXProject "Browserkit" */;
			compatibilityVersion = "Xcode 13.0";
			developmentRegion = en;
			hasScannedForEncodings = 0;
			knownRegions = (
				en,
				Base,
			);
			mainGroup = CEB5CB5D28FB549600FEF67E;
			productRefGroup = CEB5CB6728FB549600FEF67E /* Products */;
			projectDirPath = "";
			projectRoot = "";
			targets = (
				CEB5CB6528FB549600FEF67E /* Browserkit */,
				CEB5CB7B28FB549A00FEF67E /* BrowserkitTests */,
				CEB5CB8528FB549A00FEF67E /* BrowserkitUITests */,
			);
		};
/* End PBXProject section */

/* Begin PBXResourcesBuildPhase section */
		CEB5CB6428FB549600FEF67E /* Resources */ = {
			isa = PBXResourcesBuildPhase;
			buildActionMask = 2147483647;
			files = (
				CEB5CB7628FB549900FEF67E /* LaunchScreen.storyboard in Resources */,
				CEB5CB7328FB549900FEF67E /* Assets.xcassets in Resources */,
				CEB5CB7128FB549600FEF67E /* Main.storyboard in Resources */,
			);
			runOnlyForDeploymentPostprocessing = 0;
		};
		CEB5CB7A28FB549A00FEF67E /* Resources */ = {
			isa = PBXResourcesBuildPhase;
			buildActionMask = 2147483647;
			files = (
			);
			runOnlyForDeploymentPostprocessing = 0;
		};
		CEB5CB8428FB549A00FEF67E /* Resources */ = {
			isa = PBXResourcesBuildPhase;
			buildActionMask = 2147483647;
			files = (
			);
			runOnlyForDeploymentPostprocessing = 0;
		};
/* End PBXResourcesBuildPhase section */

/* Begin PBXSourcesBuildPhase section */
		CEB5CB6228FB549600FEF67E /* Sources */ = {
			isa = PBXSourcesBuildPhase;
			buildActionMask = 2147483647;
			files = (
				CEB5CB6E28FB549600FEF67E /* ViewController.swift in Sources */,
				CEB5CB6A28FB549600FEF67E /* AppDelegate.swift in Sources */,
				CEB5CB6C28FB549600FEF67E /* SceneDelegate.swift in Sources */,
			);
			runOnlyForDeploymentPostprocessing = 0;
		};
		CEB5CB7828FB549A00FEF67E /* Sources */ = {
			isa = PBXSourcesBuildPhase;
			buildActionMask = 2147483647;
			files = (
				CEB5CB8128FB549A00FEF67E /* BrowserkitTests.swift in Sources */,
			);
			runOnlyForDeploymentPostprocessing = 0;
		};
		CEB5CB8228FB549A00FEF67E /* Sources */ = {
			isa = PBXSourcesBuildPhase;
			buildActionMask = 2147483647;
			files = (
				CEB5CB8D28FB549A00FEF67E /* BrowserkitUITestsLaunchTests.swift in Sources */,
				CEB5CB8B28FB549A00FEF67E /* BrowserkitUITests.swift in Sources */,
			);
			runOnlyForDeploymentPostprocessing = 0;
		};
/* End PBXSourcesBuildPhase section */

/* Begin PBXTargetDependency section */
		CEB5CB7E28FB549A00FEF67E /* PBXTargetDependency */ = {
			isa = PBXTargetDependency;
			target = CEB5CB6528FB549600FEF67E /* Browserkit */;
			targetProxy = CEB5CB7D28FB549A00FEF67E /* PBXContainerItemProxy */;
		};
		CEB5CB8828FB549A00FEF67E /* PBXTargetDependency */ = {
			isa = PBXTargetDependency;
			target = CEB5CB6528FB549600FEF67E /* Browserkit */;
			targetProxy = CEB5CB8728FB549A00FEF67E /* PBXContainerItemProxy */;
		};
/* End PBXTargetDependency section */

/* Begin PBXVariantGroup section */
		CEB5CB6F28FB549600FEF67E /* Main.storyboard */ = {
			isa = PBXVariantGroup;
			children = (
				CEB5CB7028FB549600FEF67E /* Base */,
			);
			name = Main.storyboard;
			sourceTree = "<group>";
		};
		CEB5CB7428FB549900FEF67E /* LaunchScreen.storyboard */ = {
			isa = PBXVariantGroup;
			children = (
				CEB5CB7528FB549900FEF67E /* Base */,
			);
			name = LaunchScreen.storyboard;
			sourceTree = "<group>";
		};
/* End PBXVariantGroup section */

/* Begin XCBuildConfiguration section */
		CEB5CB8E28FB549A00FEF67E /* Debug */ = {
			isa = XCBuildConfiguration;
			buildSettings = {
				ALWAYS_SEARCH_USER_PATHS = NO;
				CLANG_ANALYZER_NONNULL = YES;
				CLANG_ANALYZER_NUMBER_OBJECT_CONVERSION = YES_AGGRESSIVE;
				CLANG_CXX_LANGUAGE_STANDARD = "gnu++17";
				CLANG_CXX_LIBRARY = "libc++";
				CLANG_ENABLE_MODULES = YES;
				CLANG_ENABLE_OBJC_ARC = YES;
				CLANG_ENABLE_OBJC_WEAK = YES;
				CLANG_WARN_BLOCK_CAPTURE_AUTORELEASING = YES;
				CLANG_WARN_BOOL_CONVERSION = YES;
				CLANG_WARN_COMMA = YES;
				CLANG_WARN_CONSTANT_CONVERSION = YES;
				CLANG_WARN_DEPRECATED_OBJC_IMPLEMENTATIONS = YES;
				CLANG_WARN_DIRECT_OBJC_ISA_USAGE = YES_ERROR;
				CLANG_WARN_DOCUMENTATION_COMMENTS = YES;
				CLANG_WARN_EMPTY_BODY = YES;
				CLANG_WARN_ENUM_CONVERSION = YES;
				CLANG_WARN_INFINITE_RECURSION = YES;
				CLANG_WARN_INT_CONVERSION = YES;
				CLANG_WARN_NON_LITERAL_NULL_CONVERSION = YES;
				CLANG_WARN_OBJC_IMPLICIT_RETAIN_SELF = YES;
				CLANG_WARN_OBJC_LITERAL_CONVERSION = YES;
				CLANG_WARN_OBJC_ROOT_CLASS = YES_ERROR;
				CLANG_WARN_QUOTED_INCLUDE_IN_FRAMEWORK_HEADER = YES;
				CLANG_WARN_RANGE_LOOP_ANALYSIS = YES;
				CLANG_WARN_STRICT_PROTOTYPES = YES;
				CLANG_WARN_SUSPICIOUS_MOVE = YES;
				CLANG_WARN_UNGUARDED_AVAILABILITY = YES_AGGRESSIVE;
				CLANG_WARN_UNREACHABLE_CODE = YES;
				CLANG_WARN__DUPLICATE_METHOD_MATCH = YES;
				COPY_PHASE_STRIP = NO;
				DEBUG_INFORMATION_FORMAT = dwarf;
				ENABLE_STRICT_OBJC_MSGSEND = YES;
				ENABLE_TESTABILITY = YES;
				GCC_C_LANGUAGE_STANDARD = gnu11;
				GCC_DYNAMIC_NO_PIC = NO;
				GCC_NO_COMMON_BLOCKS = YES;
				GCC_OPTIMIZATION_LEVEL = 0;
				GCC_PREPROCESSOR_DEFINITIONS = (
					"DEBUG=1",
					"$(inherited)",
				);
				GCC_WARN_64_TO_32_BIT_CONVERSION = YES;
				GCC_WARN_ABOUT_RETURN_TYPE = YES_ERROR;
				GCC_WARN_UNDECLARED_SELECTOR = YES;
				GCC_WARN_UNINITIALIZED_AUTOS = YES_AGGRESSIVE;
				GCC_WARN_UNUSED_FUNCTION = YES;
				GCC_WARN_UNUSED_VARIABLE = YES;
				IPHONEOS_DEPLOYMENT_TARGET = 15.2;
				MTL_ENABLE_DEBUG_INFO = INCLUDE_SOURCE;
				MTL_FAST_MATH = YES;
				ONLY_ACTIVE_ARCH = YES;
				SDKROOT = iphoneos;
				SWIFT_ACTIVE_COMPILATION_CONDITIONS = DEBUG;
				SWIFT_OPTIMIZATION_LEVEL = "-Onone";
			};
			name = Debug;
		};
		CEB5CB8F28FB549A00FEF67E /* Release */ = {
			isa = XCBuildConfiguration;
			buildSettings = {
				ALWAYS_SEARCH_USER_PATHS = NO;
				CLANG_ANALYZER_NONNULL = YES;
				CLANG_ANALYZER_NUMBER_OBJECT_CONVERSION = YES_AGGRESSIVE;
				CLANG_CXX_LANGUAGE_STANDARD = "gnu++17";
				CLANG_CXX_LIBRARY = "libc++";
				CLANG_ENABLE_MODULES = YES;
				CLANG_ENABLE_OBJC_ARC = YES;
				CLANG_ENABLE_OBJC_WEAK = YES;
				CLANG_WARN_BLOCK_CAPTURE_AUTORELEASING = YES;
				CLANG_WARN_BOOL_CONVERSION = YES;
				CLANG_WARN_COMMA = YES;
				CLANG_WARN_CONSTANT_CONVERSION = YES;
				CLANG_WARN_DEPRECATED_OBJC_IMPLEMENTATIONS = YES;
				CLANG_WARN_DIRECT_OBJC_ISA_USAGE = YES_ERROR;
				CLANG_WARN_DOCUMENTATION_COMMENTS = YES;
				CLANG_WARN_EMPTY_BODY = YES;
				CLANG_WARN_ENUM_CONVERSION = YES;
				CLANG_WARN_INFINITE_RECURSION = YES;
				CLANG_WARN_INT_CONVERSION = YES;
				CLANG_WARN_NON_LITERAL_NULL_CONVERSION = YES;
				CLANG_WARN_OBJC_IMPLICIT_RETAIN_SELF = YES;
				CLANG_WARN_OBJC_LITERAL_CONVERSION = YES;
				CLANG_WARN_OBJC_ROOT_CLASS = YES_ERROR;
				CLANG_WARN_QUOTED_INCLUDE_IN_FRAMEWORK_HEADER = YES;
				CLANG_WARN_RANGE_LOOP_ANALYSIS = YES;
				CLANG_WARN_STRICT_PROTOTYPES = YES;
				CLANG_WARN_SUSPICIOUS_MOVE = YES;
				CLANG_WARN_UNGUARDED_AVAILABILITY = YES_AGGRESSIVE;
				CLANG_WARN_UNREACHABLE_CODE = YES;
				CLANG_WARN__DUPLICATE_METHOD_MATCH = YES;
				COPY_PHASE_STRIP = NO;
				DEBUG_INFORMATION_FORMAT = "dwarf-with-dsym";
				ENABLE_NS_ASSERTIONS = NO;
				ENABLE_STRICT_OBJC_MSGSEND = YES;
				GCC_C_LANGUAGE_STANDARD = gnu11;
				GCC_NO_COMMON_BLOCKS = YES;
				GCC_WARN_64_TO_32_BIT_CONVERSION = YES;
				GCC_WARN_ABOUT_RETURN_TYPE = YES_ERROR;
				GCC_WARN_UNDECLARED_SELECTOR = YES;
				GCC_WARN_UNINITIALIZED_AUTOS = YES_AGGRESSIVE;
				GCC_WARN_UNUSED_FUNCTION = YES;
				GCC_WARN_UNUSED_VARIABLE = YES;
				IPHONEOS_DEPLOYMENT_TARGET = 15.2;
				MTL_ENABLE_DEBUG_INFO = NO;
				MTL_FAST_MATH = YES;
				SDKROOT = iphoneos;
				SWIFT_COMPILATION_MODE = wholemodule;
				SWIFT_OPTIMIZATION_LEVEL = "-O";
				VALIDATE_PRODUCT = YES;
			};
			name = Release;
		};
		CEB5CB9128FB549A00FEF67E /* Debug */ = {
			isa = XCBuildConfiguration;
			buildSettings = {
				ASSETCATALOG_COMPILER_APPICON_NAME = AppIcon;
				ASSETCATALOG_COMPILER_GLOBAL_ACCENT_COLOR_NAME = AccentColor;
				CODE_SIGN_STYLE = Automatic;
				CURRENT_PROJECT_VERSION = 1;
				GENERATE_INFOPLIST_FILE = YES;
				INFOPLIST_FILE = Browserkit/Info.plist;
				INFOPLIST_KEY_UIApplicationSupportsIndirectInputEvents = YES;
				INFOPLIST_KEY_UILaunchStoryboardName = LaunchScreen;
				INFOPLIST_KEY_UIMainStoryboardFile = Main;
				INFOPLIST_KEY_UISupportedInterfaceOrientations_iPad = "UIInterfaceOrientationPortrait UIInterfaceOrientationPortraitUpsideDown UIInterfaceOrientationLandscapeLeft UIInterfaceOrientationLandscapeRight";
				INFOPLIST_KEY_UISupportedInterfaceOrientations_iPhone = "UIInterfaceOrientationPortrait UIInterfaceOrientationLandscapeLeft UIInterfaceOrientationLandscapeRight";
				LD_RUNPATH_SEARCH_PATHS = (
					"$(inherited)",
					"@executable_path/Frameworks",
				);
				MARKETING_VERSION = 1.0;
				PRODUCT_BUNDLE_IDENTIFIER = com.gichukipaul.Browserkit;
				PRODUCT_NAME = "$(TARGET_NAME)";
				SWIFT_EMIT_LOC_STRINGS = YES;
				SWIFT_VERSION = 5.0;
				TARGETED_DEVICE_FAMILY = "1,2";
			};
			name = Debug;
		};
		CEB5CB9228FB549A00FEF67E /* Release */ = {
			isa = XCBuildConfiguration;
			buildSettings = {
				ASSETCATALOG_COMPILER_APPICON_NAME = AppIcon;
				ASSETCATALOG_COMPILER_GLOBAL_ACCENT_COLOR_NAME = AccentColor;
				CODE_SIGN_STYLE = Automatic;
				CURRENT_PROJECT_VERSION = 1;
				GENERATE_INFOPLIST_FILE = YES;
				INFOPLIST_FILE = Browserkit/Info.plist;
				INFOPLIST_KEY_UIApplicationSupportsIndirectInputEvents = YES;
				INFOPLIST_KEY_UILaunchStoryboardName = LaunchScreen;
				INFOPLIST_KEY_UIMainStoryboardFile = Main;
				INFOPLIST_KEY_UISupportedInterfaceOrientations_iPad = "UIInterfaceOrientationPortrait UIInterfaceOrientationPortraitUpsideDown UIInterfaceOrientationLandscapeLeft UIInterfaceOrientationLandscapeRight";
				INFOPLIST_KEY_UISupportedInterfaceOrientations_iPhone = "UIInterfaceOrientationPortrait UIInterfaceOrientationLandscapeLeft UIInterfaceOrientationLandscapeRight";
				LD_RUNPATH_SEARCH_PATHS = (
					"$(inherited)",
					"@executable_path/Frameworks",
				);
				MARKETING_VERSION = 1.0;
				PRODUCT_BUNDLE_IDENTIFIER = com.gichukipaul.Browserkit;
				PRODUCT_NAME = "$(TARGET_NAME)";
				SWIFT_EMIT_LOC_STRINGS = YES;
				SWIFT_VERSION = 5.0;
				TARGETED_DEVICE_FAMILY = "1,2";
			};
			name = Release;
		};
		CEB5CB9428FB549A00FEF67E /* Debug */ = {
			isa = XCBuildConfiguration;
			buildSettings = {
				ALWAYS_EMBED_SWIFT_STANDARD_LIBRARIES = YES;
				BUNDLE_LOADER = "$(TEST_HOST)";
				CODE_SIGN_STYLE = Automatic;
				CURRENT_PROJECT_VERSION = 1;
				GENERATE_INFOPLIST_FILE = YES;
				IPHONEOS_DEPLOYMENT_TARGET = 15.2;
				MARKETING_VERSION = 1.0;
				PRODUCT_BUNDLE_IDENTIFIER = com.gichukipaul.BrowserkitTests;
				PRODUCT_NAME = "$(TARGET_NAME)";
				SWIFT_EMIT_LOC_STRINGS = NO;
				SWIFT_VERSION = 5.0;
				TARGETED_DEVICE_FAMILY = "1,2";
				TEST_HOST = "$(BUILT_PRODUCTS_DIR)/Browserkit.app/Browserkit";
			};
			name = Debug;
		};
		CEB5CB9528FB549A00FEF67E /* Release */ = {
			isa = XCBuildConfiguration;
			buildSettings = {
				ALWAYS_EMBED_SWIFT_STANDARD_LIBRARIES = YES;
				BUNDLE_LOADER = "$(TEST_HOST)";
				CODE_SIGN_STYLE = Automatic;
				CURRENT_PROJECT_VERSION = 1;
				GENERATE_INFOPLIST_FILE = YES;
				IPHONEOS_DEPLOYMENT_TARGET = 15.2;
				MARKETING_VERSION = 1.0;
				PRODUCT_BUNDLE_IDENTIFIER = com.gichukipaul.BrowserkitTests;
				PRODUCT_NAME = "$(TARGET_NAME)";
				SWIFT_EMIT_LOC_STRINGS = NO;
				SWIFT_VERSION = 5.0;
				TARGETED_DEVICE_FAMILY = "1,2";
				TEST_HOST = "$(BUILT_PRODUCTS_DIR)/Browserkit.app/Browserkit";
			};
			name = Release;
		};
		CEB5CB9728FB549A00FEF67E /* Debug */ = {
			isa = XCBuildConfiguration;
			buildSettings = {
				ALWAYS_EMBED_SWIFT_STANDARD_LIBRARIES = YES;
				CODE_SIGN_STYLE = Automatic;
				CURRENT_PROJECT_VERSION = 1;
				GENERATE_INFOPLIST_FILE = YES;
				MARKETING_VERSION = 1.0;
				PRODUCT_BUNDLE_IDENTIFIER = com.gichukipaul.BrowserkitUITests;
				PRODUCT_NAME = "$(TARGET_NAME)";
				SWIFT_EMIT_LOC_STRINGS = NO;
				SWIFT_VERSION = 5.0;
				TARGETED_DEVICE_FAMILY = "1,2";
				TEST_TARGET_NAME = Browserkit;
			};
			name = Debug;
		};
		CEB5CB9828FB549A00FEF67E /* Release */ = {
			isa = XCBuildConfiguration;
			buildSettings = {
				ALWAYS_EMBED_SWIFT_STANDARD_LIBRARIES = YES;
				CODE_SIGN_STYLE = Automatic;
				CURRENT_PROJECT_VERSION = 1;
				GENERATE_INFOPLIST_FILE = YES;
				MARKETING_VERSION = 1.0;
				PRODUCT_BUNDLE_IDENTIFIER = com.gichukipaul.BrowserkitUITests;
				PRODUCT_NAME = "$(TARGET_NAME)";
				SWIFT_EMIT_LOC_STRINGS = NO;
				SWIFT_VERSION = 5.0;
				TARGETED_DEVICE_FAMILY = "1,2";
				TEST_TARGET_NAME = Browserkit;
			};
			name = Release;
		};
/* End XCBuildConfiguration section */

/* Begin XCConfigurationList section */
		CEB5CB6128FB549600FEF67E /* Build configuration list for PBXProject "Browserkit" */ = {
			isa = XCConfigurationList;
			buildConfigurations = (
				CEB5CB8E28FB549A00FEF67E /* Debug */,
				CEB5CB8F28FB549A00FEF67E /* Release */,
			);
			defaultConfigurationIsVisible = 0;
			defaultConfigurationName = Release;
		};
		CEB5CB9028FB549A00FEF67E /* Build configuration list for PBXNativeTarget "Browserkit" */ = {
			isa = XCConfigurationList;
			buildConfigurations = (
				CEB5CB9128FB549A00FEF67E /* Debug */,
				CEB5CB9228FB549A00FEF67E /* Release */,
			);
			defaultConfigurationIsVisible = 0;
			defaultConfigurationName = Release;
		};
		CEB5CB9328FB549A00FEF67E /* Build configuration list for PBXNativeTarget "BrowserkitTests" */ = {
			isa = XCConfigurationList;
			buildConfigurations = (
				CEB5CB9428FB549A00FEF67E /* Debug */,
				CEB5CB9528FB549A00FEF67E /* Release */,
			);
			defaultConfigurationIsVisible = 0;
			defaultConfigurationName = Release;
		};
		CEB5CB9628FB549A00FEF67E /* Build configuration list for PBXNativeTarget "BrowserkitUITests" */ = {
			isa = XCConfigurationList;
			buildConfigurations = (
				CEB5CB9728FB549A00FEF67E /* Debug */,
				CEB5CB9828FB549A00FEF67E /* Release */,
			);
			defaultConfigurationIsVisible = 0;
			defaultConfigurationName = Release;
		};
/* End XCConfigurationList section */
	};
	rootObject = CEB5CB5E28FB549600FEF67E /* Project object */;
}
